// !$*UTF8*$!
{
	archiveVersion = 1;
	classes = {
	};
	objectVersion = 46;
	objects = {

/* Begin PBXBuildFile section */
		266A6E5B1ECDEFD400E0F19C /* AppDelegate.swift in Sources */ = {isa = PBXBuildFile; fileRef = 266A6E5A1ECDEFD400E0F19C /* AppDelegate.swift */; };
		266A6E601ECDEFD400E0F19C /* Main.storyboard in Resources */ = {isa = PBXBuildFile; fileRef = 266A6E5E1ECDEFD400E0F19C /* Main.storyboard */; };
		266A6E621ECDEFD400E0F19C /* Assets.xcassets in Resources */ = {isa = PBXBuildFile; fileRef = 266A6E611ECDEFD400E0F19C /* Assets.xcassets */; };
		266A6E651ECDEFD400E0F19C /* LaunchScreen.storyboard in Resources */ = {isa = PBXBuildFile; fileRef = 266A6E631ECDEFD400E0F19C /* LaunchScreen.storyboard */; };
		266A6E6F1ECDF03300E0F19C /* SimpleOverlayView.swift in Sources */ = {isa = PBXBuildFile; fileRef = 266A6E6C1ECDF03300E0F19C /* SimpleOverlayView.swift */; };
		266A6E711ECDF03300E0F19C /* PaddingLabel.swift in Sources */ = {isa = PBXBuildFile; fileRef = 266A6E6E1ECDF03300E0F19C /* PaddingLabel.swift */; };
		266A6E741ECDF07200E0F19C /* ExampleViewController.swift in Sources */ = {isa = PBXBuildFile; fileRef = 266A6E731ECDF07200E0F19C /* ExampleViewController.swift */; };
/* End PBXBuildFile section */

/* Begin PBXFileReference section */
		266A6E571ECDEFD400E0F19C /* SimpleOverlay.app */ = {isa = PBXFileReference; explicitFileType = wrapper.application; includeInIndex = 0; path = SimpleOverlay.app; sourceTree = BUILT_PRODUCTS_DIR; };
		266A6E5A1ECDEFD400E0F19C /* AppDelegate.swift */ = {isa = PBXFileReference; lastKnownFileType = sourcecode.swift; path = AppDelegate.swift; sourceTree = "<group>"; };
		266A6E5F1ECDEFD400E0F19C /* Base */ = {isa = PBXFileReference; lastKnownFileType = file.storyboard; name = Base; path = Base.lproj/Main.storyboard; sourceTree = "<group>"; };
		266A6E611ECDEFD400E0F19C /* Assets.xcassets */ = {isa = PBXFileReference; lastKnownFileType = folder.assetcatalog; path = Assets.xcassets; sourceTree = "<group>"; };
		266A6E641ECDEFD400E0F19C /* Base */ = {isa = PBXFileReference; lastKnownFileType = file.storyboard; name = Base; path = Base.lproj/LaunchScreen.storyboard; sourceTree = "<group>"; };
		266A6E661ECDEFD400E0F19C /* Info.plist */ = {isa = PBXFileReference; lastKnownFileType = text.plist.xml; path = Info.plist; sourceTree = "<group>"; };
		266A6E6C1ECDF03300E0F19C /* SimpleOverlayView.swift */ = {isa = PBXFileReference; fileEncoding = 4; lastKnownFileType = sourcecode.swift; path = SimpleOverlayView.swift; sourceTree = "<group>"; };
		266A6E6E1ECDF03300E0F19C /* PaddingLabel.swift */ = {isa = PBXFileReference; fileEncoding = 4; lastKnownFileType = sourcecode.swift; path = PaddingLabel.swift; sourceTree = "<group>"; };
		266A6E731ECDF07200E0F19C /* ExampleViewController.swift */ = {isa = PBXFileReference; fileEncoding = 4; lastKnownFileType = sourcecode.swift; path = ExampleViewController.swift; sourceTree = "<group>"; };
/* End PBXFileReference section */

/* Begin PBXFrameworksBuildPhase section */
		266A6E541ECDEFD400E0F19C /* Frameworks */ = {
			isa = PBXFrameworksBuildPhase;
			buildActionMask = 2147483647;
			files = (
			);
			runOnlyForDeploymentPostprocessing = 0;
		};
/* End PBXFrameworksBuildPhase section */

/* Begin PBXGroup section */
		266A6E4E1ECDEFD400E0F19C = {
			isa = PBXGroup;
			children = (
				266A6E591ECDEFD400E0F19C /* SimpleOverlay */,
				266A6E581ECDEFD400E0F19C /* Products */,
			);
			sourceTree = "<group>";
		};
		266A6E581ECDEFD400E0F19C /* Products */ = {
			isa = PBXGroup;
			children = (
				266A6E571ECDEFD400E0F19C /* SimpleOverlay.app */,
			);
			name = Products;
			sourceTree = "<group>";
		};
		266A6E591ECDEFD400E0F19C /* SimpleOverlay */ = {
			isa = PBXGroup;
			children = (
				266A6E731ECDF07200E0F19C /* ExampleViewController.swift */,
				266A6E6C1ECDF03300E0F19C /* SimpleOverlayView.swift */,
				266A6E6E1ECDF03300E0F19C /* PaddingLabel.swift */,
				266A6E721ECDF04100E0F19C /* SupportingFiles */,
			);
			path = SimpleOverlay;
			sourceTree = "<group>";
		};
		266A6E721ECDF04100E0F19C /* SupportingFiles */ = {
			isa = PBXGroup;
			children = (
				266A6E5E1ECDEFD400E0F19C /* Main.storyboard */,
				266A6E5A1ECDEFD400E0F19C /* AppDelegate.swift */,
				266A6E611ECDEFD400E0F19C /* Assets.xcassets */,
				266A6E631ECDEFD400E0F19C /* LaunchScreen.storyboard */,
				266A6E661ECDEFD400E0F19C /* Info.plist */,
			);
			name = SupportingFiles;
			sourceTree = "<group>";
		};
/* End PBXGroup section */

/* Begin PBXNativeTarget section */
		266A6E561ECDEFD400E0F19C /* SimpleOverlay */ = {
			isa = PBXNativeTarget;
			buildConfigurationList = 266A6E691ECDEFD400E0F19C /* Build configuration list for PBXNativeTarget "SimpleOverlay" */;
			buildPhases = (
				266A6E531ECDEFD400E0F19C /* Sources */,
				266A6E541ECDEFD400E0F19C /* Frameworks */,
				266A6E551ECDEFD400E0F19C /* Resources */,
			);
			buildRules = (
			);
			dependencies = (
			);
			name = SimpleOverlay;
			productName = SimpleOverlay;
			productReference = 266A6E571ECDEFD400E0F19C /* SimpleOverlay.app */;
			productType = "com.apple.product-type.application";
		};
/* End PBXNativeTarget section */

/* Begin PBXProject section */
		266A6E4F1ECDEFD400E0F19C /* Project object */ = {
			isa = PBXProject;
			attributes = {
				LastSwiftUpdateCheck = 0830;
				LastUpgradeCheck = 0830;
				ORGANIZATIONNAME = centroida;
				TargetAttributes = {
					266A6E561ECDEFD400E0F19C = {
						CreatedOnToolsVersion = 8.3.2;
						DevelopmentTeam = E5C2GPDY2X;
						ProvisioningStyle = Automatic;
					};
				};
			};
			buildConfigurationList = 266A6E521ECDEFD400E0F19C /* Build configuration list for PBXProject "SimpleOverlay" */;
			compatibilityVersion = "Xcode 3.2";
			developmentRegion = English;
			hasScannedForEncodings = 0;
			knownRegions = (
				en,
				Base,
			);
			mainGroup = 266A6E4E1ECDEFD400E0F19C;
			productRefGroup = 266A6E581ECDEFD400E0F19C /* Products */;
			projectDirPath = "";
			projectRoot = "";
			targets = (
				266A6E561ECDEFD400E0F19C /* SimpleOverlay */,
			);
		};
/* End PBXProject section */

/* Begin PBXResourcesBuildPhase section */
		266A6E551ECDEFD400E0F19C /* Resources */ = {
			isa = PBXResourcesBuildPhase;
			buildActionMask = 2147483647;
			files = (
				266A6E651ECDEFD400E0F19C /* LaunchScreen.storyboard in Resources */,
				266A6E621ECDEFD400E0F19C /* Assets.xcassets in Resources */,
				266A6E601ECDEFD400E0F19C /* Main.storyboard in Resources */,
			);
			runOnlyForDeploymentPostprocessing = 0;
		};
/* End PBXResourcesBuildPhase section */

/* Begin PBXSourcesBuildPhase section */
		266A6E531ECDEFD400E0F19C /* Sources */ = {
			isa = PBXSourcesBuildPhase;
			buildActionMask = 2147483647;
			files = (
				266A6E711ECDF03300E0F19C /* PaddingLabel.swift in Sources */,
				266A6E741ECDF07200E0F19C /* ExampleViewController.swift in Sources */,
				266A6E5B1ECDEFD400E0F19C /* AppDelegate.swift in Sources */,
				266A6E6F1ECDF03300E0F19C /* SimpleOverlayView.swift in Sources */,
			);
			runOnlyForDeploymentPostprocessing = 0;
		};
/* End PBXSourcesBuildPhase section */

/* Begin PBXVariantGroup section */
		266A6E5E1ECDEFD400E0F19C /* Main.storyboard */ = {
			isa = PBXVariantGroup;
			children = (
				266A6E5F1ECDEFD400E0F19C /* Base */,
			);
			name = Main.storyboard;
			sourceTree = "<group>";
		};
		266A6E631ECDEFD400E0F19C /* LaunchScreen.storyboard */ = {
			isa = PBXVariantGroup;
			children = (
				266A6E641ECDEFD400E0F19C /* Base */,
			);
			name = LaunchScreen.storyboard;
			sourceTree = "<group>";
		};
/* End PBXVariantGroup section */

/* Begin XCBuildConfiguration section */
		266A6E671ECDEFD400E0F19C /* Debug */ = {
			isa = XCBuildConfiguration;
			buildSettings = {
				ALWAYS_SEARCH_USER_PATHS = NO;
				CLANG_ANALYZER_NONNULL = YES;
				CLANG_ANALYZER_NUMBER_OBJECT_CONVERSION = YES_AGGRESSIVE;
				CLANG_CXX_LANGUAGE_STANDARD = "gnu++0x";
				CLANG_CXX_LIBRARY = "libc++";
				CLANG_ENABLE_MODULES = YES;
				CLANG_ENABLE_OBJC_ARC = YES;
				CLANG_WARN_BOOL_CONVERSION = YES;
				CLANG_WARN_CONSTANT_CONVERSION = YES;
				CLANG_WARN_DIRECT_OBJC_ISA_USAGE = YES_ERROR;
				CLANG_WARN_DOCUMENTATION_COMMENTS = YES;
				CLANG_WARN_EMPTY_BODY = YES;
				CLANG_WARN_ENUM_CONVERSION = YES;
				CLANG_WARN_INFINITE_RECURSION = YES;
				CLANG_WARN_INT_CONVERSION = YES;
				CLANG_WARN_OBJC_ROOT_CLASS = YES_ERROR;
				CLANG_WARN_SUSPICIOUS_MOVE = YES;
				CLANG_WARN_UNREACHABLE_CODE = YES;
				CLANG_WARN__DUPLICATE_METHOD_MATCH = YES;
				"CODE_SIGN_IDENTITY[sdk=iphoneos*]" = "iPhone Developer";
				COPY_PHASE_STRIP = NO;
				DEBUG_INFORMATION_FORMAT = dwarf;
				ENABLE_STRICT_OBJC_MSGSEND = YES;
				ENABLE_TESTABILITY = YES;
				GCC_C_LANGUAGE_STANDARD = gnu99;
				GCC_DYNAMIC_NO_PIC = NO;
				GCC_NO_COMMON_BLOCKS = YES;
				GCC_OPTIMIZATION_LEVEL = 0;
				GCC_PREPROCESSOR_DEFINITIONS = (
					"DEBUG=1",
					"$(inherited)",
				);
				GCC_WARN_64_TO_32_BIT_CONVERSION = YES;
				GCC_WARN_ABOUT_RETURN_TYPE = YES_ERROR;
				GCC_WARN_UNDECLARED_SELECTOR = YES;
				GCC_WARN_UNINITIALIZED_AUTOS = YES_AGGRESSIVE;
				GCC_WARN_UNUSED_FUNCTION = YES;
				GCC_WARN_UNUSED_VARIABLE = YES;
				IPHONEOS_DEPLOYMENT_TARGET = 10.3;
				MTL_ENABLE_DEBUG_INFO = YES;
				ONLY_ACTIVE_ARCH = YES;
				SDKROOT = iphoneos;
				SWIFT_ACTIVE_COMPILATION_CONDITIONS = DEBUG;
				SWIFT_OPTIMIZATION_LEVEL = "-Onone";
				TARGETED_DEVICE_FAMILY = "1,2";
			};
			name = Debug;
		};
		266A6E681ECDEFD400E0F19C /* Release */ = {
			isa = XCBuildConfiguration;
			buildSettings = {
				ALWAYS_SEARCH_USER_PATHS = NO;
				CLANG_ANALYZER_NONNULL = YES;
				CLANG_ANALYZER_NUMBER_OBJECT_CONVERSION = YES_AGGRESSIVE;
				CLANG_CXX_LANGUAGE_STANDARD = "gnu++0x";
				CLANG_CXX_LIBRARY = "libc++";
				CLANG_ENABLE_MODULES = YES;
				CLANG_ENABLE_OBJC_ARC = YES;
				CLANG_WARN_BOOL_CONVERSION = YES;
				CLANG_WARN_CONSTANT_CONVERSION = YES;
				CLANG_WARN_DIRECT_OBJC_ISA_USAGE = YES_ERROR;
				CLANG_WARN_DOCUMENTATION_COMMENTS = YES;
				CLANG_WARN_EMPTY_BODY = YES;
				CLANG_WARN_ENUM_CONVERSION = YES;
				CLANG_WARN_INFINITE_RECURSION = YES;
				CLANG_WARN_INT_CONVERSION = YES;
				CLANG_WARN_OBJC_ROOT_CLASS = YES_ERROR;
				CLANG_WARN_SUSPICIOUS_MOVE = YES;
				CLANG_WARN_UNREACHABLE_CODE = YES;
				CLANG_WARN__DUPLICATE_METHOD_MATCH = YES;
				"CODE_SIGN_IDENTITY[sdk=iphoneos*]" = "iPhone Developer";
				COPY_PHASE_STRIP = NO;
				DEBUG_INFORMATION_FORMAT = "dwarf-with-dsym";
				ENABLE_NS_ASSERTIONS = NO;
				ENABLE_STRICT_OBJC_MSGSEND = YES;
				GCC_C_LANGUAGE_STANDARD = gnu99;
				GCC_NO_COMMON_BLOCKS = YES;
				GCC_WARN_64_TO_32_BIT_CONVERSION = YES;
				GCC_WARN_ABOUT_RETURN_TYPE = YES_ERROR;
				GCC_WARN_UNDECLARED_SELECTOR = YES;
				GCC_WARN_UNINITIALIZED_AUTOS = YES_AGGRESSIVE;
				GCC_WARN_UNUSED_FUNCTION = YES;
				GCC_WARN_UNUSED_VARIABLE = YES;
				IPHONEOS_DEPLOYMENT_TARGET = 10.3;
				MTL_ENABLE_DEBUG_INFO = NO;
				SDKROOT = iphoneos;
				SWIFT_OPTIMIZATION_LEVEL = "-Owholemodule";
				TARGETED_DEVICE_FAMILY = "1,2";
				VALIDATE_PRODUCT = YES;
			};
			name = Release;
		};
		266A6E6A1ECDEFD400E0F19C /* Debug */ = {
			isa = XCBuildConfiguration;
			buildSettings = {
				ASSETCATALOG_COMPILER_APPICON_NAME = AppIcon;
				DEVELOPMENT_TEAM = E5C2GPDY2X;
				INFOPLIST_FILE = SimpleOverlay/Info.plist;
				LD_RUNPATH_SEARCH_PATHS = "$(inherited) @executable_path/Frameworks";
				PRODUCT_BUNDLE_IDENTIFIER = co.centroida.SimpleOverlay;
				PRODUCT_NAME = "$(TARGET_NAME)";
				SWIFT_VERSION = 3.0;
			};
			name = Debug;
		};
		266A6E6B1ECDEFD400E0F19C /* Release */ = {
			isa = XCBuildConfiguration;
			buildSettings = {
				ASSETCATALOG_COMPILER_APPICON_NAME = AppIcon;
				DEVELOPMENT_TEAM = E5C2GPDY2X;
				INFOPLIST_FILE = SimpleOverlay/Info.plist;
				LD_RUNPATH_SEARCH_PATHS = "$(inherited) @executable_path/Frameworks";
				PRODUCT_BUNDLE_IDENTIFIER = co.centroida.SimpleOverlay;
				PRODUCT_NAME = "$(TARGET_NAME)";
				SWIFT_VERSION = 3.0;
			};
			name = Release;
		};
/* End XCBuildConfiguration section */

/* Begin XCConfigurationList section */
		266A6E521ECDEFD400E0F19C /* Build configuration list for PBXProject "SimpleOverlay" */ = {
			isa = XCConfigurationList;
			buildConfigurations = (
				266A6E671ECDEFD400E0F19C /* Debug */,
				266A6E681ECDEFD400E0F19C /* Release */,
			);
			defaultConfigurationIsVisible = 0;
			defaultConfigurationName = Release;
		};
		266A6E691ECDEFD400E0F19C /* Build configuration list for PBXNativeTarget "SimpleOverlay" */ = {
			isa = XCConfigurationList;
			buildConfigurations = (
				266A6E6A1ECDEFD400E0F19C /* Debug */,
				266A6E6B1ECDEFD400E0F19C /* Release */,
			);
			defaultConfigurationIsVisible = 0;
		};
/* End XCConfigurationList section */
	};
	rootObject = 266A6E4F1ECDEFD400E0F19C /* Project object */;
}
